
Microsoft Visual Studio Solution File, Format Version 12.00
# Visual Studio Version 17
VisualStudioVersion = 17.7.34024.191
MinimumVisualStudioVersion = 10.0.40219.1
Project("{FAE04EC0-301F-11D3-BF4B-00C04F79EFBC}") = "TP05", "TP05\TP05.csproj", "{90A7B419-F6C6-4FD1-A00C-CF7F1BA1428F}"
EndProject
Global
	GlobalSection(SolutionConfigurationPlatforms) = preSolution
		Debug|Any CPU = Debug|Any CPU
		Release|Any CPU = Release|Any CPU
	EndGlobalSection
	GlobalSection(ProjectConfigurationPlatforms) = postSolution
		{90A7B419-F6C6-4FD1-A00C-CF7F1BA1428F}.Debug|Any CPU.ActiveCfg = Debug|Any CPU
		{90A7B419-F6C6-4FD1-A00C-CF7F1BA1428F}.Debug|Any CPU.Build.0 = Debug|Any CPU
		{90A7B419-F6C6-4FD1-A00C-CF7F1BA1428F}.Release|Any CPU.ActiveCfg = Release|Any CPU
		{90A7B419-F6C6-4FD1-A00C-CF7F1BA1428F}.Release|Any CPU.Build.0 = Release|Any CPU
	EndGlobalSection
	GlobalSection(SolutionProperties) = preSolution
		HideSolutionNode = FALSE
	EndGlobalSection
	GlobalSection(ExtensibilityGlobals) = postSolution
		SolutionGuid = {827F45EC-9ABA-4552-A89D-4AA943FE52CD}
	EndGlobalSection
EndGlobal
