
Microsoft Visual Studio Solution File, Format Version 12.00
# Visual Studio Version 17
VisualStudioVersion = 17.7.34024.191
MinimumVisualStudioVersion = 10.0.40219.1
Project("{FAE04EC0-301F-11D3-BF4B-00C04F79EFBC}") = "TP4", "TP4\TP4.csproj", "{0F5E3838-C02D-4AFD-88AA-D461DBCAF2A7}"
EndProject
Global
	GlobalSection(SolutionConfigurationPlatforms) = preSolution
		Debug|Any CPU = Debug|Any CPU
		Release|Any CPU = Release|Any CPU
	EndGlobalSection
	GlobalSection(ProjectConfigurationPlatforms) = postSolution
		{0F5E3838-C02D-4AFD-88AA-D461DBCAF2A7}.Debug|Any CPU.ActiveCfg = Debug|Any CPU
		{0F5E3838-C02D-4AFD-88AA-D461DBCAF2A7}.Debug|Any CPU.Build.0 = Debug|Any CPU
		{0F5E3838-C02D-4AFD-88AA-D461DBCAF2A7}.Release|Any CPU.ActiveCfg = Release|Any CPU
		{0F5E3838-C02D-4AFD-88AA-D461DBCAF2A7}.Release|Any CPU.Build.0 = Release|Any CPU
	EndGlobalSection
	GlobalSection(SolutionProperties) = preSolution
		HideSolutionNode = FALSE
	EndGlobalSection
	GlobalSection(ExtensibilityGlobals) = postSolution
		SolutionGuid = {274362E3-CA9A-4219-BDA8-F32B3473EC10}
	EndGlobalSection
EndGlobal
